
Microsoft Visual Studio Solution File, Format Version 12.00
Project("{FAE04EC0-301F-11D3-BF4B-00C04F79EFBC}") = "DAB_3_Solution_grp2", "DAB_3_Solution_grp2\DAB_3_Solution_grp2.csproj", "{0549CB73-E900-4826-ADE0-26C9C4A201C9}"
EndProject
Global
	GlobalSection(SolutionConfigurationPlatforms) = preSolution
		Debug|Any CPU = Debug|Any CPU
		Release|Any CPU = Release|Any CPU
	EndGlobalSection
	GlobalSection(ProjectConfigurationPlatforms) = postSolution
		{0549CB73-E900-4826-ADE0-26C9C4A201C9}.Debug|Any CPU.ActiveCfg = Debug|Any CPU
		{0549CB73-E900-4826-ADE0-26C9C4A201C9}.Debug|Any CPU.Build.0 = Debug|Any CPU
		{0549CB73-E900-4826-ADE0-26C9C4A201C9}.Release|Any CPU.ActiveCfg = Release|Any CPU
		{0549CB73-E900-4826-ADE0-26C9C4A201C9}.Release|Any CPU.Build.0 = Release|Any CPU
	EndGlobalSection
EndGlobal
